
Microsoft Visual Studio Solution File, Format Version 12.00
# Visual Studio 15
VisualStudioVersion = 15.0.27703.2047
MinimumVisualStudioVersion = 10.0.40219.1
Project("{FAE04EC0-301F-11D3-BF4B-00C04F79EFBC}") = "DMAdmin GUI", "DMAdmin GUI\DMAdmin GUI.csproj", "{C096BA58-5424-494B-BDCB-126378A6C5DB}"
EndProject
Global
	GlobalSection(SolutionConfigurationPlatforms) = preSolution
		Debug|Any CPU = Debug|Any CPU
		Release|Any CPU = Release|Any CPU
	EndGlobalSection
	GlobalSection(ProjectConfigurationPlatforms) = postSolution
		{C096BA58-5424-494B-BDCB-126378A6C5DB}.Debug|Any CPU.ActiveCfg = Debug|Any CPU
		{C096BA58-5424-494B-BDCB-126378A6C5DB}.Debug|Any CPU.Build.0 = Debug|Any CPU
		{C096BA58-5424-494B-BDCB-126378A6C5DB}.Release|Any CPU.ActiveCfg = Release|Any CPU
		{C096BA58-5424-494B-BDCB-126378A6C5DB}.Release|Any CPU.Build.0 = Release|Any CPU
	EndGlobalSection
	GlobalSection(SolutionProperties) = preSolution
		HideSolutionNode = FALSE
	EndGlobalSection
	GlobalSection(ExtensibilityGlobals) = postSolution
		SolutionGuid = {06FA99D5-4272-4A41-8F35-AAC8D223146D}
	EndGlobalSection
EndGlobal
